
Microsoft Visual Studio Solution File, Format Version 12.00
# Visual Studio 15
VisualStudioVersion = 15.0.26730.3
MinimumVisualStudioVersion = 10.0.40219.1
Project("{2150E333-8FDC-42A3-9474-1A3956D46DE8}") = "Tests", "Tests", "{2771AF82-52AF-4580-B0B3-74286BD36287}"
EndProject
Project("{2150E333-8FDC-42A3-9474-1A3956D46DE8}") = "TDD", "TDD", "{026BB93B-B2EF-44EE-8425-C92DA4B17C20}"
EndProject
Project("{2150E333-8FDC-42A3-9474-1A3956D46DE8}") = "Integration", "Integration", "{B4830B16-1CAD-4A7F-8008-35ADB2BA756E}"
EndProject
Project("{9A19103F-16F7-4668-BE54-9A1E7A4F7556}") = "CopaFilmes.Tests.TDD", "CopaFilmes.Tests.TDD\CopaFilmes.Tests.TDD.csproj", "{52B14BCE-E165-455D-AF9C-B86E82106F7A}"
EndProject
Project("{2150E333-8FDC-42A3-9474-1A3956D46DE8}") = "Application", "Application", "{F58926CB-6CB8-4467-A3C5-53F956B213D0}"
EndProject
Project("{9A19103F-16F7-4668-BE54-9A1E7A4F7556}") = "CopaFilmes.Domain", "CopaFilmes.Domain\CopaFilmes.Domain.csproj", "{D53BBDA8-7F6B-4E15-ACA5-0723F332A96E}"
EndProject
Project("{9A19103F-16F7-4668-BE54-9A1E7A4F7556}") = "CopaFilmes.Services", "CopaFilmes.Services\CopaFilmes.Services.csproj", "{9044532A-3DB5-4F4A-92E2-6BD4B00F1214}"
EndProject
Project("{9A19103F-16F7-4668-BE54-9A1E7A4F7556}") = "CopaFilmes.Api", "CopaFilmes.Api\CopaFilmes.Api.csproj", "{19BC53BC-17A4-4177-AA1E-C0B3EE8FC08E}"
EndProject
Project("{E53339B2-1760-4266-BCC7-CA923CBCF16C}") = "docker-compose", "docker-compose.dcproj", "{CC731029-EE05-4B52-858E-F1A718CBAFCD}"
EndProject
Project("{2150E333-8FDC-42A3-9474-1A3956D46DE8}") = "Devops", "Devops", "{240FCA1D-0793-4D30-B40B-1E9748441536}"
EndProject
Project("{2150E333-8FDC-42A3-9474-1A3956D46DE8}") = "0-Apps", "0-Apps", "{F2825419-4BB7-406F-84B8-E5E9CEA002B3}"
EndProject
Project("{2150E333-8FDC-42A3-9474-1A3956D46DE8}") = "2-Domain", "2-Domain", "{DE14B2E3-2E41-4877-84CC-C6F23390D241}"
EndProject
Project("{2150E333-8FDC-42A3-9474-1A3956D46DE8}") = "1-Services", "1-Services", "{E22E9C1A-88E9-4323-9138-966CC12DCF0E}"
EndProject
Project("{2150E333-8FDC-42A3-9474-1A3956D46DE8}") = "3-Crosscutting", "3-Crosscutting", "{C2EC7063-E5A3-445B-BD66-1F2AC3B8CC77}"
EndProject
Project("{FAE04EC0-301F-11D3-BF4B-00C04F79EFBC}") = "CopaFilmes.Web.Http", "..\CopaFilmes..Web.Http\CopaFilmes.Web.Http.csproj", "{60C7EE1B-2104-4507-884D-580C63C8EEC9}"
EndProject
Project("{FAE04EC0-301F-11D3-BF4B-00C04F79EFBC}") = "CopaFilmes.Tests.Integration", "CopaFilmes.Tests.Integration\CopaFilmes.Tests.Integration.csproj", "{D65DD3C5-BF80-48B1-A741-9CD65DB192CF}"
EndProject
Global
	GlobalSection(SolutionConfigurationPlatforms) = preSolution
		Debug|Any CPU = Debug|Any CPU
		Release|Any CPU = Release|Any CPU
	EndGlobalSection
	GlobalSection(ProjectConfigurationPlatforms) = postSolution
		{52B14BCE-E165-455D-AF9C-B86E82106F7A}.Debug|Any CPU.ActiveCfg = Debug|Any CPU
		{52B14BCE-E165-455D-AF9C-B86E82106F7A}.Debug|Any CPU.Build.0 = Debug|Any CPU
		{52B14BCE-E165-455D-AF9C-B86E82106F7A}.Release|Any CPU.ActiveCfg = Release|Any CPU
		{52B14BCE-E165-455D-AF9C-B86E82106F7A}.Release|Any CPU.Build.0 = Release|Any CPU
		{D53BBDA8-7F6B-4E15-ACA5-0723F332A96E}.Debug|Any CPU.ActiveCfg = Debug|Any CPU
		{D53BBDA8-7F6B-4E15-ACA5-0723F332A96E}.Debug|Any CPU.Build.0 = Debug|Any CPU
		{D53BBDA8-7F6B-4E15-ACA5-0723F332A96E}.Release|Any CPU.ActiveCfg = Release|Any CPU
		{D53BBDA8-7F6B-4E15-ACA5-0723F332A96E}.Release|Any CPU.Build.0 = Release|Any CPU
		{9044532A-3DB5-4F4A-92E2-6BD4B00F1214}.Debug|Any CPU.ActiveCfg = Debug|Any CPU
		{9044532A-3DB5-4F4A-92E2-6BD4B00F1214}.Debug|Any CPU.Build.0 = Debug|Any CPU
		{9044532A-3DB5-4F4A-92E2-6BD4B00F1214}.Release|Any CPU.ActiveCfg = Release|Any CPU
		{9044532A-3DB5-4F4A-92E2-6BD4B00F1214}.Release|Any CPU.Build.0 = Release|Any CPU
		{19BC53BC-17A4-4177-AA1E-C0B3EE8FC08E}.Debug|Any CPU.ActiveCfg = Debug|Any CPU
		{19BC53BC-17A4-4177-AA1E-C0B3EE8FC08E}.Debug|Any CPU.Build.0 = Debug|Any CPU
		{19BC53BC-17A4-4177-AA1E-C0B3EE8FC08E}.Release|Any CPU.ActiveCfg = Release|Any CPU
		{19BC53BC-17A4-4177-AA1E-C0B3EE8FC08E}.Release|Any CPU.Build.0 = Release|Any CPU
		{CC731029-EE05-4B52-858E-F1A718CBAFCD}.Debug|Any CPU.ActiveCfg = Debug|Any CPU
		{CC731029-EE05-4B52-858E-F1A718CBAFCD}.Debug|Any CPU.Build.0 = Debug|Any CPU
		{CC731029-EE05-4B52-858E-F1A718CBAFCD}.Release|Any CPU.ActiveCfg = Release|Any CPU
		{CC731029-EE05-4B52-858E-F1A718CBAFCD}.Release|Any CPU.Build.0 = Release|Any CPU
		{60C7EE1B-2104-4507-884D-580C63C8EEC9}.Debug|Any CPU.ActiveCfg = Debug|Any CPU
		{60C7EE1B-2104-4507-884D-580C63C8EEC9}.Debug|Any CPU.Build.0 = Debug|Any CPU
		{60C7EE1B-2104-4507-884D-580C63C8EEC9}.Release|Any CPU.ActiveCfg = Release|Any CPU
		{60C7EE1B-2104-4507-884D-580C63C8EEC9}.Release|Any CPU.Build.0 = Release|Any CPU
		{D65DD3C5-BF80-48B1-A741-9CD65DB192CF}.Debug|Any CPU.ActiveCfg = Debug|Any CPU
		{D65DD3C5-BF80-48B1-A741-9CD65DB192CF}.Debug|Any CPU.Build.0 = Debug|Any CPU
		{D65DD3C5-BF80-48B1-A741-9CD65DB192CF}.Release|Any CPU.ActiveCfg = Release|Any CPU
		{D65DD3C5-BF80-48B1-A741-9CD65DB192CF}.Release|Any CPU.Build.0 = Release|Any CPU
	EndGlobalSection
	GlobalSection(SolutionProperties) = preSolution
		HideSolutionNode = FALSE
	EndGlobalSection
	GlobalSection(NestedProjects) = preSolution
		{026BB93B-B2EF-44EE-8425-C92DA4B17C20} = {2771AF82-52AF-4580-B0B3-74286BD36287}
		{B4830B16-1CAD-4A7F-8008-35ADB2BA756E} = {2771AF82-52AF-4580-B0B3-74286BD36287}
		{52B14BCE-E165-455D-AF9C-B86E82106F7A} = {026BB93B-B2EF-44EE-8425-C92DA4B17C20}
		{D53BBDA8-7F6B-4E15-ACA5-0723F332A96E} = {DE14B2E3-2E41-4877-84CC-C6F23390D241}
		{9044532A-3DB5-4F4A-92E2-6BD4B00F1214} = {E22E9C1A-88E9-4323-9138-966CC12DCF0E}
		{19BC53BC-17A4-4177-AA1E-C0B3EE8FC08E} = {F2825419-4BB7-406F-84B8-E5E9CEA002B3}
		{CC731029-EE05-4B52-858E-F1A718CBAFCD} = {240FCA1D-0793-4D30-B40B-1E9748441536}
		{F2825419-4BB7-406F-84B8-E5E9CEA002B3} = {F58926CB-6CB8-4467-A3C5-53F956B213D0}
		{DE14B2E3-2E41-4877-84CC-C6F23390D241} = {F58926CB-6CB8-4467-A3C5-53F956B213D0}
		{E22E9C1A-88E9-4323-9138-966CC12DCF0E} = {F58926CB-6CB8-4467-A3C5-53F956B213D0}
		{C2EC7063-E5A3-445B-BD66-1F2AC3B8CC77} = {F58926CB-6CB8-4467-A3C5-53F956B213D0}
		{60C7EE1B-2104-4507-884D-580C63C8EEC9} = {C2EC7063-E5A3-445B-BD66-1F2AC3B8CC77}
		{D65DD3C5-BF80-48B1-A741-9CD65DB192CF} = {B4830B16-1CAD-4A7F-8008-35ADB2BA756E}
	EndGlobalSection
	GlobalSection(ExtensibilityGlobals) = postSolution
		SolutionGuid = {462DEF5D-16D0-4907-80BC-3CB2CEE1F9AD}
	EndGlobalSection
EndGlobal
