
Microsoft Visual Studio Solution File, Format Version 12.00
# Visual Studio 14
VisualStudioVersion = 14.0.23107.0
MinimumVisualStudioVersion = 10.0.40219.1
Project("{2150E333-8FDC-42A3-9474-1A3956D46DE8}") = "src", "src", "{F0E1CDF8-AE8A-4A7B-8697-9BFDD32ED294}"
EndProject
Project("{2150E333-8FDC-42A3-9474-1A3956D46DE8}") = "Solution Items", "Solution Items", "{A71C8FC8-173F-442D-A82C-F0BFBBB19CD4}"
	ProjectSection(SolutionItems) = preProject
		global.json = global.json
	EndProjectSection
EndProject
Project("{8BB2217D-0F2D-49D1-97BC-3654ED321F3B}") = "Study.SPA", "src\Study.SPA\Study.SPA.xproj", "{65F36A7D-4AD8-4A1A-9735-7AB42DA6118D}"
EndProject
Project("{8BB2217D-0F2D-49D1-97BC-3654ED321F3B}") = "Study.WebApi", "src\Study.WebApi\Study.WebApi.xproj", "{812B666B-CE83-4B24-B0B1-9F975E252701}"
EndProject
Global
	GlobalSection(SolutionConfigurationPlatforms) = preSolution
		Debug|Any CPU = Debug|Any CPU
		Release|Any CPU = Release|Any CPU
	EndGlobalSection
	GlobalSection(ProjectConfigurationPlatforms) = postSolution
		{65F36A7D-4AD8-4A1A-9735-7AB42DA6118D}.Debug|Any CPU.ActiveCfg = Debug|Any CPU
		{65F36A7D-4AD8-4A1A-9735-7AB42DA6118D}.Debug|Any CPU.Build.0 = Debug|Any CPU
		{65F36A7D-4AD8-4A1A-9735-7AB42DA6118D}.Release|Any CPU.ActiveCfg = Release|Any CPU
		{65F36A7D-4AD8-4A1A-9735-7AB42DA6118D}.Release|Any CPU.Build.0 = Release|Any CPU
		{812B666B-CE83-4B24-B0B1-9F975E252701}.Debug|Any CPU.ActiveCfg = Debug|Any CPU
		{812B666B-CE83-4B24-B0B1-9F975E252701}.Debug|Any CPU.Build.0 = Debug|Any CPU
		{812B666B-CE83-4B24-B0B1-9F975E252701}.Release|Any CPU.ActiveCfg = Release|Any CPU
		{812B666B-CE83-4B24-B0B1-9F975E252701}.Release|Any CPU.Build.0 = Release|Any CPU
	EndGlobalSection
	GlobalSection(SolutionProperties) = preSolution
		HideSolutionNode = FALSE
	EndGlobalSection
	GlobalSection(NestedProjects) = preSolution
		{65F36A7D-4AD8-4A1A-9735-7AB42DA6118D} = {F0E1CDF8-AE8A-4A7B-8697-9BFDD32ED294}
		{812B666B-CE83-4B24-B0B1-9F975E252701} = {F0E1CDF8-AE8A-4A7B-8697-9BFDD32ED294}
	EndGlobalSection
EndGlobal
