
Microsoft Visual Studio Solution File, Format Version 11.00
# Visual Studio 2010
Project("{FAE04EC0-301F-11D3-BF4B-00C04F79EFBC}") = "CsvExport", "CsvExport\CsvExport.csproj", "{4BBAD829-A0CC-444A-8D4E-F4479F27B572}"
EndProject
Global
	GlobalSection(SolutionConfigurationPlatforms) = preSolution
		Debug|x86 = Debug|x86
		Release|x86 = Release|x86
	EndGlobalSection
	GlobalSection(ProjectConfigurationPlatforms) = postSolution
		{4BBAD829-A0CC-444A-8D4E-F4479F27B572}.Debug|x86.ActiveCfg = Debug|x86
		{4BBAD829-A0CC-444A-8D4E-F4479F27B572}.Debug|x86.Build.0 = Debug|x86
		{4BBAD829-A0CC-444A-8D4E-F4479F27B572}.Release|x86.ActiveCfg = Release|x86
		{4BBAD829-A0CC-444A-8D4E-F4479F27B572}.Release|x86.Build.0 = Release|x86
	EndGlobalSection
	GlobalSection(SolutionProperties) = preSolution
		HideSolutionNode = FALSE
	EndGlobalSection
EndGlobal
