
Microsoft Visual Studio Solution File, Format Version 12.00
# Visual Studio 15
VisualStudioVersion = 15.0.28307.705
MinimumVisualStudioVersion = 10.0.40219.1
Project("{FAE04EC0-301F-11D3-BF4B-00C04F79EFBC}") = "Carreno.Study.OddOccurrencesInArray", "Carreno.Study.OddOccurrencesInArray\Carreno.Study.OddOccurrencesInArray.csproj", "{C292D8D3-E3EA-4A32-96F0-9E86751549EA}"
EndProject
Global
	GlobalSection(SolutionConfigurationPlatforms) = preSolution
		Debug|Any CPU = Debug|Any CPU
		Release|Any CPU = Release|Any CPU
	EndGlobalSection
	GlobalSection(ProjectConfigurationPlatforms) = postSolution
		{C292D8D3-E3EA-4A32-96F0-9E86751549EA}.Debug|Any CPU.ActiveCfg = Debug|Any CPU
		{C292D8D3-E3EA-4A32-96F0-9E86751549EA}.Debug|Any CPU.Build.0 = Debug|Any CPU
		{C292D8D3-E3EA-4A32-96F0-9E86751549EA}.Release|Any CPU.ActiveCfg = Release|Any CPU
		{C292D8D3-E3EA-4A32-96F0-9E86751549EA}.Release|Any CPU.Build.0 = Release|Any CPU
	EndGlobalSection
	GlobalSection(SolutionProperties) = preSolution
		HideSolutionNode = FALSE
	EndGlobalSection
	GlobalSection(ExtensibilityGlobals) = postSolution
		SolutionGuid = {7D8BB0D8-6402-4A4D-AB6D-D46CE57714CD}
	EndGlobalSection
EndGlobal
