
Microsoft Visual Studio Solution File, Format Version 12.00
# Visual Studio 14
VisualStudioVersion = 14.0.23107.0
MinimumVisualStudioVersion = 10.0.40219.1
Project("{FAE04EC0-301F-11D3-BF4B-00C04F79EFBC}") = "App.Test", "App.Test\App.Test.csproj", "{20E581E5-0B27-4409-9DE2-7DE6A7CC5DEB}"
EndProject
Project("{FAE04EC0-301F-11D3-BF4B-00C04F79EFBC}") = "App.Core", "App.Core\App.Core.csproj", "{A15A723F-7C82-4E40-B7EC-C5003A5310D5}"
EndProject
Global
	GlobalSection(SolutionConfigurationPlatforms) = preSolution
		Debug|Any CPU = Debug|Any CPU
		Release|Any CPU = Release|Any CPU
	EndGlobalSection
	GlobalSection(ProjectConfigurationPlatforms) = postSolution
		{20E581E5-0B27-4409-9DE2-7DE6A7CC5DEB}.Debug|Any CPU.ActiveCfg = Debug|Any CPU
		{20E581E5-0B27-4409-9DE2-7DE6A7CC5DEB}.Debug|Any CPU.Build.0 = Debug|Any CPU
		{20E581E5-0B27-4409-9DE2-7DE6A7CC5DEB}.Release|Any CPU.ActiveCfg = Release|Any CPU
		{20E581E5-0B27-4409-9DE2-7DE6A7CC5DEB}.Release|Any CPU.Build.0 = Release|Any CPU
		{A15A723F-7C82-4E40-B7EC-C5003A5310D5}.Debug|Any CPU.ActiveCfg = Debug|Any CPU
		{A15A723F-7C82-4E40-B7EC-C5003A5310D5}.Debug|Any CPU.Build.0 = Debug|Any CPU
		{A15A723F-7C82-4E40-B7EC-C5003A5310D5}.Release|Any CPU.ActiveCfg = Release|Any CPU
		{A15A723F-7C82-4E40-B7EC-C5003A5310D5}.Release|Any CPU.Build.0 = Release|Any CPU
	EndGlobalSection
	GlobalSection(SolutionProperties) = preSolution
		HideSolutionNode = FALSE
	EndGlobalSection
EndGlobal
