 = str_replace("localhost", $dbhost, $line);
				break;
			case '$table_prefix  =':
				$configFile[$line_num] = str_replace('wp_', $prefix, $line);
				break;
			case "define('AUTH_KEY":
			case "define('SECURE_A":
			case "define('LOGGED_I":
			case "define('NONCE_KE":
			case "define('AUTH_SAL":
			case "define('SECURE_A":
			case "define('LOGGED_I":
			case "define('NONCE_SA":
				$configFile[$line_num] = str_replace('put your unique phrase here', $secret_keys[$key++], $line );
				break;
		}
	}
	if ( ! is_writable(ABSPATH) ) :
		display_header();
?>
<p>Sorry, but I can't write the <code>wp-config.php</code> file.</p>
<p>You can create the <code>wp-config.php</code> manually and paste the following text into it.</p>
<textarea cols="98" rows="15" class="code"><?php
		foreach( $configFile as $line ) {
			echo htmlentities($line, ENT_COMPAT, 'UTF-8');
		}
?></textarea>
<p>After you've done that, click "Run the install."</p>